
Microsoft Visual Studio Solution File, Format Version 12.00
Project("{FAE04EC0-301F-11D3-BF4B-00C04F79EFBC}") = "Task1", "Task1\Task1.csproj", "{5FAB2666-0E56-4A6A-8427-856662DC2D3D}"
EndProject
Project("{FAE04EC0-301F-11D3-BF4B-00C04F79EFBC}") = "Task2", "Task2\Task2.csproj", "{54DEDD92-5293-4523-A896-3DBA74C4297C}"
EndProject
Project("{FAE04EC0-301F-11D3-BF4B-00C04F79EFBC}") = "Task3", "Task3\Task3.csproj", "{614BEDE3-A1EF-45DC-837E-E2E90D0128EE}"
EndProject
Project("{FAE04EC0-301F-11D3-BF4B-00C04F79EFBC}") = "Task4", "Task4\Task4.csproj", "{5D81DE74-E555-4C2B-8957-43B4014C30F7}"
EndProject
Project("{FAE04EC0-301F-11D3-BF4B-00C04F79EFBC}") = "Task5", "Task5\Task5.csproj", "{FAC53B5E-AF01-46AD-B382-113CD5D406E2}"
EndProject
Global
	GlobalSection(SolutionConfigurationPlatforms) = preSolution
		Debug|Any CPU = Debug|Any CPU
		Release|Any CPU = Release|Any CPU
	EndGlobalSection
	GlobalSection(ProjectConfigurationPlatforms) = postSolution
		{5FAB2666-0E56-4A6A-8427-856662DC2D3D}.Debug|Any CPU.ActiveCfg = Debug|Any CPU
		{5FAB2666-0E56-4A6A-8427-856662DC2D3D}.Debug|Any CPU.Build.0 = Debug|Any CPU
		{5FAB2666-0E56-4A6A-8427-856662DC2D3D}.Release|Any CPU.ActiveCfg = Release|Any CPU
		{5FAB2666-0E56-4A6A-8427-856662DC2D3D}.Release|Any CPU.Build.0 = Release|Any CPU
		{54DEDD92-5293-4523-A896-3DBA74C4297C}.Debug|Any CPU.ActiveCfg = Debug|Any CPU
		{54DEDD92-5293-4523-A896-3DBA74C4297C}.Debug|Any CPU.Build.0 = Debug|Any CPU
		{54DEDD92-5293-4523-A896-3DBA74C4297C}.Release|Any CPU.ActiveCfg = Release|Any CPU
		{54DEDD92-5293-4523-A896-3DBA74C4297C}.Release|Any CPU.Build.0 = Release|Any CPU
		{614BEDE3-A1EF-45DC-837E-E2E90D0128EE}.Debug|Any CPU.ActiveCfg = Debug|Any CPU
		{614BEDE3-A1EF-45DC-837E-E2E90D0128EE}.Debug|Any CPU.Build.0 = Debug|Any CPU
		{614BEDE3-A1EF-45DC-837E-E2E90D0128EE}.Release|Any CPU.ActiveCfg = Release|Any CPU
		{614BEDE3-A1EF-45DC-837E-E2E90D0128EE}.Release|Any CPU.Build.0 = Release|Any CPU
		{5D81DE74-E555-4C2B-8957-43B4014C30F7}.Debug|Any CPU.ActiveCfg = Debug|Any CPU
		{5D81DE74-E555-4C2B-8957-43B4014C30F7}.Debug|Any CPU.Build.0 = Debug|Any CPU
		{5D81DE74-E555-4C2B-8957-43B4014C30F7}.Release|Any CPU.ActiveCfg = Release|Any CPU
		{5D81DE74-E555-4C2B-8957-43B4014C30F7}.Release|Any CPU.Build.0 = Release|Any CPU
		{FAC53B5E-AF01-46AD-B382-113CD5D406E2}.Debug|Any CPU.ActiveCfg = Debug|Any CPU
		{FAC53B5E-AF01-46AD-B382-113CD5D406E2}.Debug|Any CPU.Build.0 = Debug|Any CPU
		{FAC53B5E-AF01-46AD-B382-113CD5D406E2}.Release|Any CPU.ActiveCfg = Release|Any CPU
		{FAC53B5E-AF01-46AD-B382-113CD5D406E2}.Release|Any CPU.Build.0 = Release|Any CPU
	EndGlobalSection
EndGlobal
